
Microsoft Visual Studio Solution File, Format Version 12.00
# Visual Studio Version 16
VisualStudioVersion = 16.0.36227.6
MinimumVisualStudioVersion = 10.0.40219.1
Project("{FAE04EC0-301F-11D3-BF4B-00C04F79EFBC}") = "Assignment_1", "Assignment_1\Assignment_1.csproj", "{09026E03-65A4-46E8-921E-6AF33F260CB5}"
EndProject
Global
	GlobalSection(SolutionConfigurationPlatforms) = preSolution
		Debug|Any CPU = Debug|Any CPU
		Release|Any CPU = Release|Any CPU
	EndGlobalSection
	GlobalSection(ProjectConfigurationPlatforms) = postSolution
		{09026E03-65A4-46E8-921E-6AF33F260CB5}.Debug|Any CPU.ActiveCfg = Debug|Any CPU
		{09026E03-65A4-46E8-921E-6AF33F260CB5}.Debug|Any CPU.Build.0 = Debug|Any CPU
		{09026E03-65A4-46E8-921E-6AF33F260CB5}.Release|Any CPU.ActiveCfg = Release|Any CPU
		{09026E03-65A4-46E8-921E-6AF33F260CB5}.Release|Any CPU.Build.0 = Release|Any CPU
	EndGlobalSection
	GlobalSection(SolutionProperties) = preSolution
		HideSolutionNode = FALSE
	EndGlobalSection
	GlobalSection(ExtensibilityGlobals) = postSolution
		SolutionGuid = {3CC80274-A2F8-4ABE-9EF9-15C7C416BCFF}
	EndGlobalSection
EndGlobal
