
Microsoft Visual Studio Solution File, Format Version 12.00
# Visual Studio Version 16
VisualStudioVersion = 16.0.36128.20
MinimumVisualStudioVersion = 10.0.40219.1
Project("{FAE04EC0-301F-11D3-BF4B-00C04F79EFBC}") = "CodeChallenge_2", "CodeChallenge_2\CodeChallenge_2.csproj", "{AE9D315B-D153-4C90-9BA9-4D860EF88365}"
EndProject
Global
	GlobalSection(SolutionConfigurationPlatforms) = preSolution
		Debug|Any CPU = Debug|Any CPU
		Release|Any CPU = Release|Any CPU
	EndGlobalSection
	GlobalSection(ProjectConfigurationPlatforms) = postSolution
		{AE9D315B-D153-4C90-9BA9-4D860EF88365}.Debug|Any CPU.ActiveCfg = Debug|Any CPU
		{AE9D315B-D153-4C90-9BA9-4D860EF88365}.Debug|Any CPU.Build.0 = Debug|Any CPU
		{AE9D315B-D153-4C90-9BA9-4D860EF88365}.Release|Any CPU.ActiveCfg = Release|Any CPU
		{AE9D315B-D153-4C90-9BA9-4D860EF88365}.Release|Any CPU.Build.0 = Release|Any CPU
	EndGlobalSection
	GlobalSection(SolutionProperties) = preSolution
		HideSolutionNode = FALSE
	EndGlobalSection
	GlobalSection(ExtensibilityGlobals) = postSolution
		SolutionGuid = {642660C7-4CA6-4F1A-9175-861EE33C8767}
	EndGlobalSection
EndGlobal
